// !$*UTF8*$!
{
	archiveVersion = 1;
	classes = {
	};
	objectVersion = 77;
	objects = {

/* Begin PBXContainerItemProxy section */
		52E7F8C22C9DBD6A0098AE98 /* PBXContainerItemProxy */ = {
			isa = PBXContainerItemProxy;
			containerPortal = 52E7F8A92C9DBD660098AE98 /* Project object */;
			proxyType = 1;
			remoteGlobalIDString = 52E7F8B02C9DBD660098AE98;
			remoteInfo = Tp1_Mobile;
		};
		52E7F8CC2C9DBD6A0098AE98 /* PBXContainerItemProxy */ = {
			isa = PBXContainerItemProxy;
			containerPortal = 52E7F8A92C9DBD660098AE98 /* Project object */;
			proxyType = 1;
			remoteGlobalIDString = 52E7F8B02C9DBD660098AE98;
			remoteInfo = Tp1_Mobile;
		};
/* End PBXContainerItemProxy section */

/* Begin PBXFileReference section */
		52E7F8B12C9DBD660098AE98 /* Tp1_Mobile.app */ = {isa = PBXFileReference; explicitFileType = wrapper.application; includeInIndex = 0; path = Tp1_Mobile.app; sourceTree = BUILT_PRODUCTS_DIR; };
		52E7F8C12C9DBD6A0098AE98 /* Tp1_MobileTests.xctest */ = {isa = PBXFileReference; explicitFileType = wrapper.cfbundle; includeInIndex = 0; path = Tp1_MobileTests.xctest; sourceTree = BUILT_PRODUCTS_DIR; };
		52E7F8CB2C9DBD6A0098AE98 /* Tp1_MobileUITests.xctest */ = {isa = PBXFileReference; explicitFileType = wrapper.cfbundle; includeInIndex = 0; path = Tp1_MobileUITests.xctest; sourceTree = BUILT_PRODUCTS_DIR; };
/* End PBXFileReference section */

/* Begin PBXFileSystemSynchronizedRootGroup section */
		52E7F8B32C9DBD660098AE98 /* Tp1_Mobile */ = {
			isa = PBXFileSystemSynchronizedRootGroup;
			path = Tp1_Mobile;
			sourceTree = "<group>";
		};
		52E7F8C42C9DBD6A0098AE98 /* Tp1_MobileTests */ = {
			isa = PBXFileSystemSynchronizedRootGroup;
			path = Tp1_MobileTests;
			sourceTree = "<group>";
		};
		52E7F8CE2C9DBD6A0098AE98 /* Tp1_MobileUITests */ = {
			isa = PBXFileSystemSynchronizedRootGroup;
			path = Tp1_MobileUITests;
			sourceTree = "<group>";
		};
/* End PBXFileSystemSynchronizedRootGroup section */

/* Begin PBXFrameworksBuildPhase section */
		52E7F8AE2C9DBD660098AE98 /* Frameworks */ = {
			isa = PBXFrameworksBuildPhase;
			buildActionMask = 2147483647;
			files = (
			);
			runOnlyForDeploymentPostprocessing = 0;
		};
		52E7F8BE2C9DBD6A0098AE98 /* Frameworks */ = {
			isa = PBXFrameworksBuildPhase;
			buildActionMask = 2147483647;
			files = (
			);
			runOnlyForDeploymentPostprocessing = 0;
		};
		52E7F8C82C9DBD6A0098AE98 /* Frameworks */ = {
			isa = PBXFrameworksBuildPhase;
			buildActionMask = 2147483647;
			files = (
			);
			runOnlyForDeploymentPostprocessing = 0;
		};
/* End PBXFrameworksBuildPhase section */

/* Begin PBXGroup section */
		52E7F8A82C9DBD660098AE98 = {
			isa = PBXGroup;
			children = (
				52E7F8B32C9DBD660098AE98 /* Tp1_Mobile */,
				52E7F8C42C9DBD6A0098AE98 /* Tp1_MobileTests */,
				52E7F8CE2C9DBD6A0098AE98 /* Tp1_MobileUITests */,
				52E7F8B22C9DBD660098AE98 /* Products */,
			);
			sourceTree = "<group>";
		};
		52E7F8B22C9DBD660098AE98 /* Products */ = {
			isa = PBXGroup;
			children = (
				52E7F8B12C9DBD660098AE98 /* Tp1_Mobile.app */,
				52E7F8C12C9DBD6A0098AE98 /* Tp1_MobileTests.xctest */,
				52E7F8CB2C9DBD6A0098AE98 /* Tp1_MobileUITests.xctest */,
			);
			name = Products;
			sourceTree = "<group>";
		};
/* End PBXGroup section */

/* Begin PBXNativeTarget section */
		52E7F8B02C9DBD660098AE98 /* Tp1_Mobile */ = {
			isa = PBXNativeTarget;
			buildConfigurationList = 52E7F8D52C9DBD6B0098AE98 /* Build configuration list for PBXNativeTarget "Tp1_Mobile" */;
			buildPhases = (
				52E7F8AD2C9DBD660098AE98 /* Sources */,
				52E7F8AE2C9DBD660098AE98 /* Frameworks */,
				52E7F8AF2C9DBD660098AE98 /* Resources */,
			);
			buildRules = (
			);
			dependencies = (
			);
			fileSystemSynchronizedGroups = (
				52E7F8B32C9DBD660098AE98 /* Tp1_Mobile */,
			);
			name = Tp1_Mobile;
			packageProductDependencies = (
			);
			productName = Tp1_Mobile;
			productReference = 52E7F8B12C9DBD660098AE98 /* Tp1_Mobile.app */;
			productType = "com.apple.product-type.application";
		};
		52E7F8C02C9DBD6A0098AE98 /* Tp1_MobileTests */ = {
			isa = PBXNativeTarget;
			buildConfigurationList = 52E7F8D82C9DBD6B0098AE98 /* Build configuration list for PBXNativeTarget "Tp1_MobileTests" */;
			buildPhases = (
				52E7F8BD2C9DBD6A0098AE98 /* Sources */,
				52E7F8BE2C9DBD6A0098AE98 /* Frameworks */,
				52E7F8BF2C9DBD6A0098AE98 /* Resources */,
			);
			buildRules = (
			);
			dependencies = (
				52E7F8C32C9DBD6A0098AE98 /* PBXTargetDependency */,
			);
			fileSystemSynchronizedGroups = (
				52E7F8C42C9DBD6A0098AE98 /* Tp1_MobileTests */,
			);
			name = Tp1_MobileTests;
			packageProductDependencies = (
			);
			productName = Tp1_MobileTests;
			productReference = 52E7F8C12C9DBD6A0098AE98 /* Tp1_MobileTests.xctest */;
			productType = "com.apple.product-type.bundle.unit-test";
		};
		52E7F8CA2C9DBD6A0098AE98 /* Tp1_MobileUITests */ = {
			isa = PBXNativeTarget;
			buildConfigurationList = 52E7F8DB2C9DBD6B0098AE98 /* Build configuration list for PBXNativeTarget "Tp1_MobileUITests" */;
			buildPhases = (
				52E7F8C72C9DBD6A0098AE98 /* Sources */,
				52E7F8C82C9DBD6A0098AE98 /* Frameworks */,
				52E7F8C92C9DBD6A0098AE98 /* Resources */,
			);
			buildRules = (
			);
			dependencies = (
				52E7F8CD2C9DBD6A0098AE98 /* PBXTargetDependency */,
			);
			fileSystemSynchronizedGroups = (
				52E7F8CE2C9DBD6A0098AE98 /* Tp1_MobileUITests */,
			);
			name = Tp1_MobileUITests;
			packageProductDependencies = (
			);
			productName = Tp1_MobileUITests;
			productReference = 52E7F8CB2C9DBD6A0098AE98 /* Tp1_MobileUITests.xctest */;
			productType = "com.apple.product-type.bundle.ui-testing";
		};
/* End PBXNativeTarget section */

/* Begin PBXProject section */
		52E7F8A92C9DBD660098AE98 /* Project object */ = {
			isa = PBXProject;
			attributes = {
				BuildIndependentTargetsInParallel = 1;
				LastSwiftUpdateCheck = 1600;
				LastUpgradeCheck = 1600;
				TargetAttributes = {
					52E7F8B02C9DBD660098AE98 = {
						CreatedOnToolsVersion = 16.0;
					};
					52E7F8C02C9DBD6A0098AE98 = {
						CreatedOnToolsVersion = 16.0;
						TestTargetID = 52E7F8B02C9DBD660098AE98;
					};
					52E7F8CA2C9DBD6A0098AE98 = {
						CreatedOnToolsVersion = 16.0;
						TestTargetID = 52E7F8B02C9DBD660098AE98;
					};
				};
			};
			buildConfigurationList = 52E7F8AC2C9DBD660098AE98 /* Build configuration list for PBXProject "Tp1_Mobile" */;
			developmentRegion = en;
			hasScannedForEncodings = 0;
			knownRegions = (
				en,
				Base,
				"fr-CA",
				fr,
			);
			mainGroup = 52E7F8A82C9DBD660098AE98;
			minimizedProjectReferenceProxies = 1;
			preferredProjectObjectVersion = 77;
			productRefGroup = 52E7F8B22C9DBD660098AE98 /* Products */;
			projectDirPath = "";
			projectRoot = "";
			targets = (
				52E7F8B02C9DBD660098AE98 /* Tp1_Mobile */,
				52E7F8C02C9DBD6A0098AE98 /* Tp1_MobileTests */,
				52E7F8CA2C9DBD6A0098AE98 /* Tp1_MobileUITests */,
			);
		};
/* End PBXProject section */

/* Begin PBXResourcesBuildPhase section */
		52E7F8AF2C9DBD660098AE98 /* Resources */ = {
			isa = PBXResourcesBuildPhase;
			buildActionMask = 2147483647;
			files = (
			);
			runOnlyForDeploymentPostprocessing = 0;
		};
		52E7F8BF2C9DBD6A0098AE98 /* Resources */ = {
			isa = PBXResourcesBuildPhase;
			buildActionMask = 2147483647;
			files = (
			);
			runOnlyForDeploymentPostprocessing = 0;
		};
		52E7F8C92C9DBD6A0098AE98 /* Resources */ = {
			isa = PBXResourcesBuildPhase;
			buildActionMask = 2147483647;
			files = (
			);
			runOnlyForDeploymentPostprocessing = 0;
		};
/* End PBXResourcesBuildPhase section */

/* Begin PBXSourcesBuildPhase section */
		52E7F8AD2C9DBD660098AE98 /* Sources */ = {
			isa = PBXSourcesBuildPhase;
			buildActionMask = 2147483647;
			files = (
			);
			runOnlyForDeploymentPostprocessing = 0;
		};
		52E7F8BD2C9DBD6A0098AE98 /* Sources */ = {
			isa = PBXSourcesBuildPhase;
			buildActionMask = 2147483647;
			files = (
			);
			runOnlyForDeploymentPostprocessing = 0;
		};
		52E7F8C72C9DBD6A0098AE98 /* Sources */ = {
			isa = PBXSourcesBuildPhase;
			buildActionMask = 2147483647;
			files = (
			);
			runOnlyForDeploymentPostprocessing = 0;
		};
/* End PBXSourcesBuildPhase section */

/* Begin PBXTargetDependency section */
		52E7F8C32C9DBD6A0098AE98 /* PBXTargetDependency */ = {
			isa = PBXTargetDependency;
			target = 52E7F8B02C9DBD660098AE98 /* Tp1_Mobile */;
			targetProxy = 52E7F8C22C9DBD6A0098AE98 /* PBXContainerItemProxy */;
		};
		52E7F8CD2C9DBD6A0098AE98 /* PBXTargetDependency */ = {
			isa = PBXTargetDependency;
			target = 52E7F8B02C9DBD660098AE98 /* Tp1_Mobile */;
			targetProxy = 52E7F8CC2C9DBD6A0098AE98 /* PBXContainerItemProxy */;
		};
/* End PBXTargetDependency section */

/* Begin XCBuildConfiguration section */
		52E7F8D32C9DBD6B0098AE98 /* Debug */ = {
			isa = XCBuildConfiguration;
			buildSettings = {
				ALWAYS_SEARCH_USER_PATHS = NO;
				ASSETCATALOG_COMPILER_GENERATE_SWIFT_ASSET_SYMBOL_EXTENSIONS = YES;
				CLANG_ANALYZER_LOCALIZABILITY_NONLOCALIZED = YES;
				CLANG_ANALYZER_NONNULL = YES;
				CLANG_ANALYZER_NUMBER_OBJECT_CONVERSION = YES_AGGRESSIVE;
				CLANG_CXX_LANGUAGE_STANDARD = "gnu++20";
				CLANG_ENABLE_MODULES = YES;
				CLANG_ENABLE_OBJC_ARC = YES;
				CLANG_ENABLE_OBJC_WEAK = YES;
				CLANG_WARN_BLOCK_CAPTURE_AUTORELEASING = YES;
				CLANG_WARN_BOOL_CONVERSION = YES;
				CLANG_WARN_COMMA = YES;
				CLANG_WARN_CONSTANT_CONVERSION = YES;
				CLANG_WARN_DEPRECATED_OBJC_IMPLEMENTATIONS = YES;
				CLANG_WARN_DIRECT_OBJC_ISA_USAGE = YES_ERROR;
				CLANG_WARN_DOCUMENTATION_COMMENTS = YES;
				CLANG_WARN_EMPTY_BODY = YES;
				CLANG_WARN_ENUM_CONVERSION = YES;
				CLANG_WARN_INFINITE_RECURSION = YES;
				CLANG_WARN_INT_CONVERSION = YES;
				CLANG_WARN_NON_LITERAL_NULL_CONVERSION = YES;
				CLANG_WARN_OBJC_IMPLICIT_RETAIN_SELF = YES;
				CLANG_WARN_OBJC_LITERAL_CONVERSION = YES;
				CLANG_WARN_OBJC_ROOT_CLASS = YES_ERROR;
				CLANG_WARN_QUOTED_INCLUDE_IN_FRAMEWORK_HEADER = YES;
				CLANG_WARN_RANGE_LOOP_ANALYSIS = YES;
				CLANG_WARN_STRICT_PROTOTYPES = YES;
				CLANG_WARN_SUSPICIOUS_MOVE = YES;
				CLANG_WARN_UNGUARDED_AVAILABILITY = YES_AGGRESSIVE;
				CLANG_WARN_UNREACHABLE_CODE = YES;
				CLANG_WARN__DUPLICATE_METHOD_MATCH = YES;
				COPY_PHASE_STRIP = NO;
				DEBUG_INFORMATION_FORMAT = dwarf;
				ENABLE_STRICT_OBJC_MSGSEND = YES;
				ENABLE_TESTABILITY = YES;
				ENABLE_USER_SCRIPT_SANDBOXING = YES;
				GCC_C_LANGUAGE_STANDARD = gnu17;
				GCC_DYNAMIC_NO_PIC = NO;
				GCC_NO_COMMON_BLOCKS = YES;
				GCC_OPTIMIZATION_LEVEL = 0;
				GCC_PREPROCESSOR_DEFINITIONS = (
					"DEBUG=1",
					"$(inherited)",
				);
				GCC_WARN_64_TO_32_BIT_CONVERSION = YES;
				GCC_WARN_ABOUT_RETURN_TYPE = YES_ERROR;
				GCC_WARN_UNDECLARED_SELECTOR = YES;
				GCC_WARN_UNINITIALIZED_AUTOS = YES_AGGRESSIVE;
				GCC_WARN_UNUSED_FUNCTION = YES;
				GCC_WARN_UNUSED_VARIABLE = YES;
				IPHONEOS_DEPLOYMENT_TARGET = 18.0;
				LOCALIZATION_PREFERS_STRING_CATALOGS = YES;
				MTL_ENABLE_DEBUG_INFO = INCLUDE_SOURCE;
				MTL_FAST_MATH = YES;
				ONLY_ACTIVE_ARCH = YES;
				SDKROOT = iphoneos;
				SWIFT_ACTIVE_COMPILATION_CONDITIONS = "DEBUG $(inherited)";
				SWIFT_OPTIMIZATION_LEVEL = "-Onone";
			};
			name = Debug;
		};
		52E7F8D42C9DBD6B0098AE98 /* Release */ = {
			isa = XCBuildConfiguration;
			buildSettings = {
				ALWAYS_SEARCH_USER_PATHS = NO;
				ASSETCATALOG_COMPILER_GENERATE_SWIFT_ASSET_SYMBOL_EXTENSIONS = YES;
				CLANG_ANALYZER_LOCALIZABILITY_NONLOCALIZED = YES;
				CLANG_ANALYZER_NONNULL = YES;
				CLANG_ANALYZER_NUMBER_OBJECT_CONVERSION = YES_AGGRESSIVE;
				CLANG_CXX_LANGUAGE_STANDARD = "gnu++20";
				CLANG_ENABLE_MODULES = YES;
				CLANG_ENABLE_OBJC_ARC = YES;
				CLANG_ENABLE_OBJC_WEAK = YES;
				CLANG_WARN_BLOCK_CAPTURE_AUTORELEASING = YES;
				CLANG_WARN_BOOL_CONVERSION = YES;
				CLANG_WARN_COMMA = YES;
				CLANG_WARN_CONSTANT_CONVERSION = YES;
				CLANG_WARN_DEPRECATED_OBJC_IMPLEMENTATIONS = YES;
				CLANG_WARN_DIRECT_OBJC_ISA_USAGE = YES_ERROR;
				CLANG_WARN_DOCUMENTATION_COMMENTS = YES;
				CLANG_WARN_EMPTY_BODY = YES;
				CLANG_WARN_ENUM_CONVERSION = YES;
				CLANG_WARN_INFINITE_RECURSION = YES;
				CLANG_WARN_INT_CONVERSION = YES;
				CLANG_WARN_NON_LITERAL_NULL_CONVERSION = YES;
				CLANG_WARN_OBJC_IMPLICIT_RETAIN_SELF = YES;
				CLANG_WARN_OBJC_LITERAL_CONVERSION = YES;
				CLANG_WARN_OBJC_ROOT_CLASS = YES_ERROR;
				CLANG_WARN_QUOTED_INCLUDE_IN_FRAMEWORK_HEADER = YES;
				CLANG_WARN_RANGE_LOOP_ANALYSIS = YES;
				CLANG_WARN_STRICT_PROTOTYPES = YES;
				CLANG_WARN_SUSPICIOUS_MOVE = YES;
				CLANG_WARN_UNGUARDED_AVAILABILITY = YES_AGGRESSIVE;
				CLANG_WARN_UNREACHABLE_CODE = YES;
				CLANG_WARN__DUPLICATE_METHOD_MATCH = YES;
				COPY_PHASE_STRIP = NO;
				DEBUG_INFORMATION_FORMAT = "dwarf-with-dsym";
				ENABLE_NS_ASSERTIONS = NO;
				ENABLE_STRICT_OBJC_MSGSEND = YES;
				ENABLE_USER_SCRIPT_SANDBOXING = YES;
				GCC_C_LANGUAGE_STANDARD = gnu17;
				GCC_NO_COMMON_BLOCKS = YES;
				GCC_WARN_64_TO_32_BIT_CONVERSION = YES;
				GCC_WARN_ABOUT_RETURN_TYPE = YES_ERROR;
				GCC_WARN_UNDECLARED_SELECTOR = YES;
				GCC_WARN_UNINITIALIZED_AUTOS = YES_AGGRESSIVE;
				GCC_WARN_UNUSED_FUNCTION = YES;
				GCC_WARN_UNUSED_VARIABLE = YES;
				IPHONEOS_DEPLOYMENT_TARGET = 18.0;
				LOCALIZATION_PREFERS_STRING_CATALOGS = YES;
				MTL_ENABLE_DEBUG_INFO = NO;
				MTL_FAST_MATH = YES;
				SDKROOT = iphoneos;
				SWIFT_COMPILATION_MODE = wholemodule;
				VALIDATE_PRODUCT = YES;
			};
			name = Release;
		};
		52E7F8D62C9DBD6B0098AE98 /* Debug */ = {
			isa = XCBuildConfiguration;
			buildSettings = {
				ASSETCATALOG_COMPILER_APPICON_NAME = AppIcon;
				ASSETCATALOG_COMPILER_GLOBAL_ACCENT_COLOR_NAME = AccentColor;
				CODE_SIGN_STYLE = Automatic;
				CURRENT_PROJECT_VERSION = 1;
				DEVELOPMENT_ASSET_PATHS = "\"Tp1_Mobile/Preview Content\"";
				ENABLE_PREVIEWS = YES;
				GENERATE_INFOPLIST_FILE = YES;
				INFOPLIST_KEY_UIApplicationSceneManifest_Generation = YES;
				INFOPLIST_KEY_UIApplicationSupportsIndirectInputEvents = YES;
				INFOPLIST_KEY_UILaunchScreen_Generation = YES;
				INFOPLIST_KEY_UISupportedInterfaceOrientations_iPad = "UIInterfaceOrientationPortrait UIInterfaceOrientationPortraitUpsideDown UIInterfaceOrientationLandscapeLeft UIInterfaceOrientationLandscapeRight";
				INFOPLIST_KEY_UISupportedInterfaceOrientations_iPhone = "UIInterfaceOrientationPortrait UIInterfaceOrientationLandscapeLeft UIInterfaceOrientationLandscapeRight";
				IPHONEOS_DEPLOYMENT_TARGET = 17.5;
				LD_RUNPATH_SEARCH_PATHS = (
					"$(inherited)",
					"@executable_path/Frameworks",
				);
				MARKETING_VERSION = 1.0;
				PRODUCT_BUNDLE_IDENTIFIER = "briceyouatchui-gmail.com.Tp1-Mobile";
				PRODUCT_NAME = "$(TARGET_NAME)";
				SWIFT_EMIT_LOC_STRINGS = YES;
				SWIFT_VERSION = 5.0;
				TARGETED_DEVICE_FAMILY = "1,2";
			};
			name = Debug;
		};
		52E7F8D72C9DBD6B0098AE98 /* Release */ = {
			isa = XCBuildConfiguration;
			buildSettings = {
				ASSETCATALOG_COMPILER_APPICON_NAME = AppIcon;
				ASSETCATALOG_COMPILER_GLOBAL_ACCENT_COLOR_NAME = AccentColor;
				CODE_SIGN_STYLE = Automatic;
				CURRENT_PROJECT_VERSION = 1;
				DEVELOPMENT_ASSET_PATHS = "\"Tp1_Mobile/Preview Content\"";
				ENABLE_PREVIEWS = YES;
				GENERATE_INFOPLIST_FILE = YES;
				INFOPLIST_KEY_UIApplicationSceneManifest_Generation = YES;
				INFOPLIST_KEY_UIApplicationSupportsIndirectInputEvents = YES;
				INFOPLIST_KEY_UILaunchScreen_Generation = YES;
				INFOPLIST_KEY_UISupportedInterfaceOrientations_iPad = "UIInterfaceOrientationPortrait UIInterfaceOrientationPortraitUpsideDown UIInterfaceOrientationLandscapeLeft UIInterfaceOrientationLandscapeRight";
				INFOPLIST_KEY_UISupportedInterfaceOrientations_iPhone = "UIInterfaceOrientationPortrait UIInterfaceOrientationLandscapeLeft UIInterfaceOrientationLandscapeRight";
				IPHONEOS_DEPLOYMENT_TARGET = 17.5;
				LD_RUNPATH_SEARCH_PATHS = (
					"$(inherited)",
					"@executable_path/Frameworks",
				);
				MARKETING_VERSION = 1.0;
				PRODUCT_BUNDLE_IDENTIFIER = "briceyouatchui-gmail.com.Tp1-Mobile";
				PRODUCT_NAME = "$(TARGET_NAME)";
				SWIFT_EMIT_LOC_STRINGS = YES;
				SWIFT_VERSION = 5.0;
				TARGETED_DEVICE_FAMILY = "1,2";
			};
			name = Release;
		};
		52E7F8D92C9DBD6B0098AE98 /* Debug */ = {
			isa = XCBuildConfiguration;
			buildSettings = {
				BUNDLE_LOADER = "$(TEST_HOST)";
				CODE_SIGN_STYLE = Automatic;
				CURRENT_PROJECT_VERSION = 1;
				GENERATE_INFOPLIST_FILE = YES;
				IPHONEOS_DEPLOYMENT_TARGET = 18.0;
				MARKETING_VERSION = 1.0;
				PRODUCT_BUNDLE_IDENTIFIER = "briceyouatchui-gmail.com.Tp1-MobileTests";
				PRODUCT_NAME = "$(TARGET_NAME)";
				SWIFT_EMIT_LOC_STRINGS = NO;
				SWIFT_VERSION = 5.0;
				TARGETED_DEVICE_FAMILY = "1,2";
				TEST_HOST = "$(BUILT_PRODUCTS_DIR)/Tp1_Mobile.app/$(BUNDLE_EXECUTABLE_FOLDER_PATH)/Tp1_Mobile";
			};
			name = Debug;
		};
		52E7F8DA2C9DBD6B0098AE98 /* Release */ = {
			isa = XCBuildConfiguration;
			buildSettings = {
				BUNDLE_LOADER = "$(TEST_HOST)";
				CODE_SIGN_STYLE = Automatic;
				CURRENT_PROJECT_VERSION = 1;
				GENERATE_INFOPLIST_FILE = YES;
				IPHONEOS_DEPLOYMENT_TARGET = 18.0;
				MARKETING_VERSION = 1.0;
				PRODUCT_BUNDLE_IDENTIFIER = "briceyouatchui-gmail.com.Tp1-MobileTests";
				PRODUCT_NAME = "$(TARGET_NAME)";
				SWIFT_EMIT_LOC_STRINGS = NO;
				SWIFT_VERSION = 5.0;
				TARGETED_DEVICE_FAMILY = "1,2";
				TEST_HOST = "$(BUILT_PRODUCTS_DIR)/Tp1_Mobile.app/$(BUNDLE_EXECUTABLE_FOLDER_PATH)/Tp1_Mobile";
			};
			name = Release;
		};
		52E7F8DC2C9DBD6B0098AE98 /* Debug */ = {
			isa = XCBuildConfiguration;
			buildSettings = {
				CODE_SIGN_STYLE = Automatic;
				CURRENT_PROJECT_VERSION = 1;
				GENERATE_INFOPLIST_FILE = YES;
				MARKETING_VERSION = 1.0;
				PRODUCT_BUNDLE_IDENTIFIER = "briceyouatchui-gmail.com.Tp1-MobileUITests";
				PRODUCT_NAME = "$(TARGET_NAME)";
				SWIFT_EMIT_LOC_STRINGS = NO;
				SWIFT_VERSION = 5.0;
				TARGETED_DEVICE_FAMILY = "1,2";
				TEST_TARGET_NAME = Tp1_Mobile;
			};
			name = Debug;
		};
		52E7F8DD2C9DBD6B0098AE98 /* Release */ = {
			isa = XCBuildConfiguration;
			buildSettings = {
				CODE_SIGN_STYLE = Automatic;
				CURRENT_PROJECT_VERSION = 1;
				GENERATE_INFOPLIST_FILE = YES;
				MARKETING_VERSION = 1.0;
				PRODUCT_BUNDLE_IDENTIFIER = "briceyouatchui-gmail.com.Tp1-MobileUITests";
				PRODUCT_NAME = "$(TARGET_NAME)";
				SWIFT_EMIT_LOC_STRINGS = NO;
				SWIFT_VERSION = 5.0;
				TARGETED_DEVICE_FAMILY = "1,2";
				TEST_TARGET_NAME = Tp1_Mobile;
			};
			name = Release;
		};
/* End XCBuildConfiguration section */

/* Begin XCConfigurationList section */
		52E7F8AC2C9DBD660098AE98 /* Build configuration list for PBXProject "Tp1_Mobile" */ = {
			isa = XCConfigurationList;
			buildConfigurations = (
				52E7F8D32C9DBD6B0098AE98 /* Debug */,
				52E7F8D42C9DBD6B0098AE98 /* Release */,
			);
			defaultConfigurationIsVisible = 0;
			defaultConfigurationName = Release;
		};
		52E7F8D52C9DBD6B0098AE98 /* Build configuration list for PBXNativeTarget "Tp1_Mobile" */ = {
			isa = XCConfigurationList;
			buildConfigurations = (
				52E7F8D62C9DBD6B0098AE98 /* Debug */,
				52E7F8D72C9DBD6B0098AE98 /* Release */,
			);
			defaultConfigurationIsVisible = 0;
			defaultConfigurationName = Release;
		};
		52E7F8D82C9DBD6B0098AE98 /* Build configuration list for PBXNativeTarget "Tp1_MobileTests" */ = {
			isa = XCConfigurationList;
			buildConfigurations = (
				52E7F8D92C9DBD6B0098AE98 /* Debug */,
				52E7F8DA2C9DBD6B0098AE98 /* Release */,
			);
			defaultConfigurationIsVisible = 0;
			defaultConfigurationName = Release;
		};
		52E7F8DB2C9DBD6B0098AE98 /* Build configuration list for PBXNativeTarget "Tp1_MobileUITests" */ = {
			isa = XCConfigurationList;
			buildConfigurations = (
				52E7F8DC2C9DBD6B0098AE98 /* Debug */,
				52E7F8DD2C9DBD6B0098AE98 /* Release */,
			);
			defaultConfigurationIsVisible = 0;
			defaultConfigurationName = Release;
		};
/* End XCConfigurationList section */
	};
	rootObject = 52E7F8A92C9DBD660098AE98 /* Project object */;
}
